
Microsoft Visual Studio Solution File, Format Version 12.00
# Visual Studio Version 17
VisualStudioVersion = 17.13.35931.197 d17.13
MinimumVisualStudioVersion = 10.0.40219.1
Project("{FAE04EC0-301F-11D3-BF4B-00C04F79EFBC}") = "SadREPL", "SadREPL\SadREPL.csproj", "{1E3FC924-0A31-4CD8-A48C-887A853D6E22}"
EndProject
Global
	GlobalSection(SolutionConfigurationPlatforms) = preSolution
		Debug|Any CPU = Debug|Any CPU
		Release|Any CPU = Release|Any CPU
	EndGlobalSection
	GlobalSection(ProjectConfigurationPlatforms) = postSolution
		{1E3FC924-0A31-4CD8-A48C-887A853D6E22}.Debug|Any CPU.ActiveCfg = Debug|Any CPU
		{1E3FC924-0A31-4CD8-A48C-887A853D6E22}.Debug|Any CPU.Build.0 = Debug|Any CPU
		{1E3FC924-0A31-4CD8-A48C-887A853D6E22}.Release|Any CPU.ActiveCfg = Release|Any CPU
		{1E3FC924-0A31-4CD8-A48C-887A853D6E22}.Release|Any CPU.Build.0 = Release|Any CPU
	EndGlobalSection
	GlobalSection(SolutionProperties) = preSolution
		HideSolutionNode = FALSE
	EndGlobalSection
	GlobalSection(ExtensibilityGlobals) = postSolution
		SolutionGuid = {81786A20-2B97-46B6-A23C-1C4A648606CC}
	EndGlobalSection
EndGlobal
